
Microsoft Visual Studio Solution File, Format Version 12.00
# Visual Studio Version 16
VisualStudioVersion = 16.0.30907.101
MinimumVisualStudioVersion = 10.0.40219.1
Project("{FAE04EC0-301F-11D3-BF4B-00C04F79EFBC}") = "MapsuiTest.UWP", "MapsuiTest\MapsuiTest.UWP\MapsuiTest.UWP.csproj", "{9C945959-2413-48DE-8DEA-C3714B1041E1}"
EndProject
Project("{FAE04EC0-301F-11D3-BF4B-00C04F79EFBC}") = "MapsuiTest.Android", "MapsuiTest\MapsuiTest.Android\MapsuiTest.Android.csproj", "{F38BC1FE-8F9C-44C2-962C-FEFE4737CE1C}"
EndProject
Project("{FAE04EC0-301F-11D3-BF4B-00C04F79EFBC}") = "MapsuiTest.iOS", "MapsuiTest\MapsuiTest.iOS\MapsuiTest.iOS.csproj", "{58C6439D-7A70-46EA-B51A-32DEB5B3561C}"
EndProject
Project("{FAE04EC0-301F-11D3-BF4B-00C04F79EFBC}") = "MapsuiTest", "MapsuiTest\MapsuiTest\MapsuiTest.csproj", "{C111F5B2-3E3A-4947-AA3D-14BBA99C2AEA}"
EndProject
Global
	GlobalSection(SolutionConfigurationPlatforms) = preSolution
		Debug|Any CPU = Debug|Any CPU
		Debug|ARM = Debug|ARM
		Debug|iPhone = Debug|iPhone
		Debug|iPhoneSimulator = Debug|iPhoneSimulator
		Debug|x64 = Debug|x64
		Debug|x86 = Debug|x86
		Release|Any CPU = Release|Any CPU
		Release|ARM = Release|ARM
		Release|iPhone = Release|iPhone
		Release|iPhoneSimulator = Release|iPhoneSimulator
		Release|x64 = Release|x64
		Release|x86 = Release|x86
	EndGlobalSection
	GlobalSection(ProjectConfigurationPlatforms) = postSolution
		{9C945959-2413-48DE-8DEA-C3714B1041E1}.Debug|Any CPU.ActiveCfg = Debug|x86
		{9C945959-2413-48DE-8DEA-C3714B1041E1}.Debug|Any CPU.Build.0 = Debug|x86
		{9C945959-2413-48DE-8DEA-C3714B1041E1}.Debug|Any CPU.Deploy.0 = Debug|x86
		{9C945959-2413-48DE-8DEA-C3714B1041E1}.Debug|ARM.ActiveCfg = Debug|ARM
		{9C945959-2413-48DE-8DEA-C3714B1041E1}.Debug|ARM.Build.0 = Debug|ARM
		{9C945959-2413-48DE-8DEA-C3714B1041E1}.Debug|ARM.Deploy.0 = Debug|ARM
		{9C945959-2413-48DE-8DEA-C3714B1041E1}.Debug|iPhone.ActiveCfg = Debug|x86
		{9C945959-2413-48DE-8DEA-C3714B1041E1}.Debug|iPhone.Build.0 = Debug|x86
		{9C945959-2413-48DE-8DEA-C3714B1041E1}.Debug|iPhone.Deploy.0 = Debug|x86
		{9C945959-2413-48DE-8DEA-C3714B1041E1}.Debug|iPhoneSimulator.ActiveCfg = Debug|x86
		{9C945959-2413-48DE-8DEA-C3714B1041E1}.Debug|iPhoneSimulator.Build.0 = Debug|x86
		{9C945959-2413-48DE-8DEA-C3714B1041E1}.Debug|iPhoneSimulator.Deploy.0 = Debug|x86
		{9C945959-2413-48DE-8DEA-C3714B1041E1}.Debug|x64.ActiveCfg = Debug|x64
		{9C945959-2413-48DE-8DEA-C3714B1041E1}.Debug|x64.Build.0 = Debug|x64
		{9C945959-2413-48DE-8DEA-C3714B1041E1}.Debug|x64.Deploy.0 = Debug|x64
		{9C945959-2413-48DE-8DEA-C3714B1041E1}.Debug|x86.ActiveCfg = Debug|x86
		{9C945959-2413-48DE-8DEA-C3714B1041E1}.Debug|x86.Build.0 = Debug|x86
		{9C945959-2413-48DE-8DEA-C3714B1041E1}.Debug|x86.Deploy.0 = Debug|x86
		{9C945959-2413-48DE-8DEA-C3714B1041E1}.Release|Any CPU.ActiveCfg = Release|x86
		{9C945959-2413-48DE-8DEA-C3714B1041E1}.Release|Any CPU.Build.0 = Release|x86
		{9C945959-2413-48DE-8DEA-C3714B1041E1}.Release|Any CPU.Deploy.0 = Release|x86
		{9C945959-2413-48DE-8DEA-C3714B1041E1}.Release|ARM.ActiveCfg = Release|ARM
		{9C945959-2413-48DE-8DEA-C3714B1041E1}.Release|ARM.Build.0 = Release|ARM
		{9C945959-2413-48DE-8DEA-C3714B1041E1}.Release|ARM.Deploy.0 = Release|ARM
		{9C945959-2413-48DE-8DEA-C3714B1041E1}.Release|iPhone.ActiveCfg = Release|x86
		{9C945959-2413-48DE-8DEA-C3714B1041E1}.Release|iPhone.Build.0 = Release|x86
		{9C945959-2413-48DE-8DEA-C3714B1041E1}.Release|iPhone.Deploy.0 = Release|x86
		{9C945959-2413-48DE-8DEA-C3714B1041E1}.Release|iPhoneSimulator.ActiveCfg = Release|x86
		{9C945959-2413-48DE-8DEA-C3714B1041E1}.Release|iPhoneSimulator.Build.0 = Release|x86
		{9C945959-2413-48DE-8DEA-C3714B1041E1}.Release|iPhoneSimulator.Deploy.0 = Release|x86
		{9C945959-2413-48DE-8DEA-C3714B1041E1}.Release|x64.ActiveCfg = Release|x64
		{9C945959-2413-48DE-8DEA-C3714B1041E1}.Release|x64.Build.0 = Release|x64
		{9C945959-2413-48DE-8DEA-C3714B1041E1}.Release|x64.Deploy.0 = Release|x64
		{9C945959-2413-48DE-8DEA-C3714B1041E1}.Release|x86.ActiveCfg = Release|x86
		{9C945959-2413-48DE-8DEA-C3714B1041E1}.Release|x86.Build.0 = Release|x86
		{9C945959-2413-48DE-8DEA-C3714B1041E1}.Release|x86.Deploy.0 = Release|x86
		{F38BC1FE-8F9C-44C2-962C-FEFE4737CE1C}.Debug|Any CPU.ActiveCfg = Debug|Any CPU
		{F38BC1FE-8F9C-44C2-962C-FEFE4737CE1C}.Debug|Any CPU.Build.0 = Debug|Any CPU
		{F38BC1FE-8F9C-44C2-962C-FEFE4737CE1C}.Debug|Any CPU.Deploy.0 = Debug|Any CPU
		{F38BC1FE-8F9C-44C2-962C-FEFE4737CE1C}.Debug|ARM.ActiveCfg = Debug|Any CPU
		{F38BC1FE-8F9C-44C2-962C-FEFE4737CE1C}.Debug|ARM.Build.0 = Debug|Any CPU
		{F38BC1FE-8F9C-44C2-962C-FEFE4737CE1C}.Debug|ARM.Deploy.0 = Debug|Any CPU
		{F38BC1FE-8F9C-44C2-962C-FEFE4737CE1C}.Debug|iPhone.ActiveCfg = Debug|Any CPU
		{F38BC1FE-8F9C-44C2-962C-FEFE4737CE1C}.Debug|iPhone.Build.0 = Debug|Any CPU
		{F38BC1FE-8F9C-44C2-962C-FEFE4737CE1C}.Debug|iPhone.Deploy.0 = Debug|Any CPU
		{F38BC1FE-8F9C-44C2-962C-FEFE4737CE1C}.Debug|iPhoneSimulator.ActiveCfg = Debug|Any CPU
		{F38BC1FE-8F9C-44C2-962C-FEFE4737CE1C}.Debug|iPhoneSimulator.Build.0 = Debug|Any CPU
		{F38BC1FE-8F9C-44C2-962C-FEFE4737CE1C}.Debug|iPhoneSimulator.Deploy.0 = Debug|Any CPU
		{F38BC1FE-8F9C-44C2-962C-FEFE4737CE1C}.Debug|x64.ActiveCfg = Debug|Any CPU
		{F38BC1FE-8F9C-44C2-962C-FEFE4737CE1C}.Debug|x64.Build.0 = Debug|Any CPU
		{F38BC1FE-8F9C-44C2-962C-FEFE4737CE1C}.Debug|x64.Deploy.0 = Debug|Any CPU
		{F38BC1FE-8F9C-44C2-962C-FEFE4737CE1C}.Debug|x86.ActiveCfg = Debug|Any CPU
		{F38BC1FE-8F9C-44C2-962C-FEFE4737CE1C}.Debug|x86.Build.0 = Debug|Any CPU
		{F38BC1FE-8F9C-44C2-962C-FEFE4737CE1C}.Debug|x86.Deploy.0 = Debug|Any CPU
		{F38BC1FE-8F9C-44C2-962C-FEFE4737CE1C}.Release|Any CPU.ActiveCfg = Release|Any CPU
		{F38BC1FE-8F9C-44C2-962C-FEFE4737CE1C}.Release|Any CPU.Build.0 = Release|Any CPU
		{F38BC1FE-8F9C-44C2-962C-FEFE4737CE1C}.Release|Any CPU.Deploy.0 = Release|Any CPU
		{F38BC1FE-8F9C-44C2-962C-FEFE4737CE1C}.Release|ARM.ActiveCfg = Release|Any CPU
		{F38BC1FE-8F9C-44C2-962C-FEFE4737CE1C}.Release|ARM.Build.0 = Release|Any CPU
		{F38BC1FE-8F9C-44C2-962C-FEFE4737CE1C}.Release|ARM.Deploy.0 = Release|Any CPU
		{F38BC1FE-8F9C-44C2-962C-FEFE4737CE1C}.Release|iPhone.ActiveCfg = Release|Any CPU
		{F38BC1FE-8F9C-44C2-962C-FEFE4737CE1C}.Release|iPhone.Build.0 = Release|Any CPU
		{F38BC1FE-8F9C-44C2-962C-FEFE4737CE1C}.Release|iPhone.Deploy.0 = Release|Any CPU
		{F38BC1FE-8F9C-44C2-962C-FEFE4737CE1C}.Release|iPhoneSimulator.ActiveCfg = Release|Any CPU
		{F38BC1FE-8F9C-44C2-962C-FEFE4737CE1C}.Release|iPhoneSimulator.Build.0 = Release|Any CPU
		{F38BC1FE-8F9C-44C2-962C-FEFE4737CE1C}.Release|iPhoneSimulator.Deploy.0 = Release|Any CPU
		{F38BC1FE-8F9C-44C2-962C-FEFE4737CE1C}.Release|x64.ActiveCfg = Release|Any CPU
		{F38BC1FE-8F9C-44C2-962C-FEFE4737CE1C}.Release|x64.Build.0 = Release|Any CPU
		{F38BC1FE-8F9C-44C2-962C-FEFE4737CE1C}.Release|x64.Deploy.0 = Release|Any CPU
		{F38BC1FE-8F9C-44C2-962C-FEFE4737CE1C}.Release|x86.ActiveCfg = Release|Any CPU
		{F38BC1FE-8F9C-44C2-962C-FEFE4737CE1C}.Release|x86.Build.0 = Release|Any CPU
		{F38BC1FE-8F9C-44C2-962C-FEFE4737CE1C}.Release|x86.Deploy.0 = Release|Any CPU
		{58C6439D-7A70-46EA-B51A-32DEB5B3561C}.Debug|Any CPU.ActiveCfg = Debug|iPhoneSimulator
		{58C6439D-7A70-46EA-B51A-32DEB5B3561C}.Debug|Any CPU.Build.0 = Debug|iPhoneSimulator
		{58C6439D-7A70-46EA-B51A-32DEB5B3561C}.Debug|Any CPU.Deploy.0 = Debug|iPhoneSimulator
		{58C6439D-7A70-46EA-B51A-32DEB5B3561C}.Debug|ARM.ActiveCfg = Debug|iPhone
		{58C6439D-7A70-46EA-B51A-32DEB5B3561C}.Debug|ARM.Build.0 = Debug|iPhone
		{58C6439D-7A70-46EA-B51A-32DEB5B3561C}.Debug|ARM.Deploy.0 = Debug|iPhone
		{58C6439D-7A70-46EA-B51A-32DEB5B3561C}.Debug|iPhone.ActiveCfg = Debug|iPhone
		{58C6439D-7A70-46EA-B51A-32DEB5B3561C}.Debug|iPhone.Build.0 = Debug|iPhone
		{58C6439D-7A70-46EA-B51A-32DEB5B3561C}.Debug|iPhone.Deploy.0 = Debug|iPhone
		{58C6439D-7A70-46EA-B51A-32DEB5B3561C}.Debug|iPhoneSimulator.ActiveCfg = Debug|iPhoneSimulator
		{58C6439D-7A70-46EA-B51A-32DEB5B3561C}.Debug|iPhoneSimulator.Build.0 = Debug|iPhoneSimulator
		{58C6439D-7A70-46EA-B51A-32DEB5B3561C}.Debug|iPhoneSimulator.Deploy.0 = Debug|iPhoneSimulator
		{58C6439D-7A70-46EA-B51A-32DEB5B3561C}.Debug|x64.ActiveCfg = Debug|iPhoneSimulator
		{58C6439D-7A70-46EA-B51A-32DEB5B3561C}.Debug|x64.Build.0 = Debug|iPhoneSimulator
		{58C6439D-7A70-46EA-B51A-32DEB5B3561C}.Debug|x64.Deploy.0 = Debug|iPhoneSimulator
		{58C6439D-7A70-46EA-B51A-32DEB5B3561C}.Debug|x86.ActiveCfg = Debug|iPhoneSimulator
		{58C6439D-7A70-46EA-B51A-32DEB5B3561C}.Debug|x86.Build.0 = Debug|iPhoneSimulator
		{58C6439D-7A70-46EA-B51A-32DEB5B3561C}.Debug|x86.Deploy.0 = Debug|iPhoneSimulator
		{58C6439D-7A70-46EA-B51A-32DEB5B3561C}.Release|Any CPU.ActiveCfg = Release|iPhoneSimulator
		{58C6439D-7A70-46EA-B51A-32DEB5B3561C}.Release|Any CPU.Build.0 = Release|iPhoneSimulator
		{58C6439D-7A70-46EA-B51A-32DEB5B3561C}.Release|Any CPU.Deploy.0 = Release|iPhoneSimulator
		{58C6439D-7A70-46EA-B51A-32DEB5B3561C}.Release|ARM.ActiveCfg = Release|iPhoneSimulator
		{58C6439D-7A70-46EA-B51A-32DEB5B3561C}.Release|ARM.Build.0 = Release|iPhoneSimulator
		{58C6439D-7A70-46EA-B51A-32DEB5B3561C}.Release|ARM.Deploy.0 = Release|iPhoneSimulator
		{58C6439D-7A70-46EA-B51A-32DEB5B3561C}.Release|iPhone.ActiveCfg = Release|iPhone
		{58C6439D-7A70-46EA-B51A-32DEB5B3561C}.Release|iPhone.Build.0 = Release|iPhone
		{58C6439D-7A70-46EA-B51A-32DEB5B3561C}.Release|iPhone.Deploy.0 = Release|iPhone
		{58C6439D-7A70-46EA-B51A-32DEB5B3561C}.Release|iPhoneSimulator.ActiveCfg = Release|iPhoneSimulator
		{58C6439D-7A70-46EA-B51A-32DEB5B3561C}.Release|iPhoneSimulator.Build.0 = Release|iPhoneSimulator
		{58C6439D-7A70-46EA-B51A-32DEB5B3561C}.Release|iPhoneSimulator.Deploy.0 = Release|iPhoneSimulator
		{58C6439D-7A70-46EA-B51A-32DEB5B3561C}.Release|x64.ActiveCfg = Release|iPhoneSimulator
		{58C6439D-7A70-46EA-B51A-32DEB5B3561C}.Release|x64.Build.0 = Release|iPhoneSimulator
		{58C6439D-7A70-46EA-B51A-32DEB5B3561C}.Release|x64.Deploy.0 = Release|iPhoneSimulator
		{58C6439D-7A70-46EA-B51A-32DEB5B3561C}.Release|x86.ActiveCfg = Release|iPhoneSimulator
		{58C6439D-7A70-46EA-B51A-32DEB5B3561C}.Release|x86.Build.0 = Release|iPhoneSimulator
		{58C6439D-7A70-46EA-B51A-32DEB5B3561C}.Release|x86.Deploy.0 = Release|iPhoneSimulator
		{C111F5B2-3E3A-4947-AA3D-14BBA99C2AEA}.Debug|Any CPU.ActiveCfg = Debug|Any CPU
		{C111F5B2-3E3A-4947-AA3D-14BBA99C2AEA}.Debug|Any CPU.Build.0 = Debug|Any CPU
		{C111F5B2-3E3A-4947-AA3D-14BBA99C2AEA}.Debug|Any CPU.Deploy.0 = Debug|Any CPU
		{C111F5B2-3E3A-4947-AA3D-14BBA99C2AEA}.Debug|ARM.ActiveCfg = Debug|Any CPU
		{C111F5B2-3E3A-4947-AA3D-14BBA99C2AEA}.Debug|ARM.Build.0 = Debug|Any CPU
		{C111F5B2-3E3A-4947-AA3D-14BBA99C2AEA}.Debug|ARM.Deploy.0 = Debug|Any CPU
		{C111F5B2-3E3A-4947-AA3D-14BBA99C2AEA}.Debug|iPhone.ActiveCfg = Debug|Any CPU
		{C111F5B2-3E3A-4947-AA3D-14BBA99C2AEA}.Debug|iPhone.Build.0 = Debug|Any CPU
		{C111F5B2-3E3A-4947-AA3D-14BBA99C2AEA}.Debug|iPhone.Deploy.0 = Debug|Any CPU
		{C111F5B2-3E3A-4947-AA3D-14BBA99C2AEA}.Debug|iPhoneSimulator.ActiveCfg = Debug|Any CPU
		{C111F5B2-3E3A-4947-AA3D-14BBA99C2AEA}.Debug|iPhoneSimulator.Build.0 = Debug|Any CPU
		{C111F5B2-3E3A-4947-AA3D-14BBA99C2AEA}.Debug|iPhoneSimulator.Deploy.0 = Debug|Any CPU
		{C111F5B2-3E3A-4947-AA3D-14BBA99C2AEA}.Debug|x64.ActiveCfg = Debug|Any CPU
		{C111F5B2-3E3A-4947-AA3D-14BBA99C2AEA}.Debug|x64.Build.0 = Debug|Any CPU
		{C111F5B2-3E3A-4947-AA3D-14BBA99C2AEA}.Debug|x64.Deploy.0 = Debug|Any CPU
		{C111F5B2-3E3A-4947-AA3D-14BBA99C2AEA}.Debug|x86.ActiveCfg = Debug|Any CPU
		{C111F5B2-3E3A-4947-AA3D-14BBA99C2AEA}.Debug|x86.Build.0 = Debug|Any CPU
		{C111F5B2-3E3A-4947-AA3D-14BBA99C2AEA}.Debug|x86.Deploy.0 = Debug|Any CPU
		{C111F5B2-3E3A-4947-AA3D-14BBA99C2AEA}.Release|Any CPU.ActiveCfg = Release|Any CPU
		{C111F5B2-3E3A-4947-AA3D-14BBA99C2AEA}.Release|Any CPU.Build.0 = Release|Any CPU
		{C111F5B2-3E3A-4947-AA3D-14BBA99C2AEA}.Release|Any CPU.Deploy.0 = Release|Any CPU
		{C111F5B2-3E3A-4947-AA3D-14BBA99C2AEA}.Release|ARM.ActiveCfg = Release|Any CPU
		{C111F5B2-3E3A-4947-AA3D-14BBA99C2AEA}.Release|ARM.Build.0 = Release|Any CPU
		{C111F5B2-3E3A-4947-AA3D-14BBA99C2AEA}.Release|ARM.Deploy.0 = Release|Any CPU
		{C111F5B2-3E3A-4947-AA3D-14BBA99C2AEA}.Release|iPhone.ActiveCfg = Release|Any CPU
		{C111F5B2-3E3A-4947-AA3D-14BBA99C2AEA}.Release|iPhone.Build.0 = Release|Any CPU
		{C111F5B2-3E3A-4947-AA3D-14BBA99C2AEA}.Release|iPhone.Deploy.0 = Release|Any CPU
		{C111F5B2-3E3A-4947-AA3D-14BBA99C2AEA}.Release|iPhoneSimulator.ActiveCfg = Release|Any CPU
		{C111F5B2-3E3A-4947-AA3D-14BBA99C2AEA}.Release|iPhoneSimulator.Build.0 = Release|Any CPU
		{C111F5B2-3E3A-4947-AA3D-14BBA99C2AEA}.Release|iPhoneSimulator.Deploy.0 = Release|Any CPU
		{C111F5B2-3E3A-4947-AA3D-14BBA99C2AEA}.Release|x64.ActiveCfg = Release|Any CPU
		{C111F5B2-3E3A-4947-AA3D-14BBA99C2AEA}.Release|x64.Build.0 = Release|Any CPU
		{C111F5B2-3E3A-4947-AA3D-14BBA99C2AEA}.Release|x64.Deploy.0 = Release|Any CPU
		{C111F5B2-3E3A-4947-AA3D-14BBA99C2AEA}.Release|x86.ActiveCfg = Release|Any CPU
		{C111F5B2-3E3A-4947-AA3D-14BBA99C2AEA}.Release|x86.Build.0 = Release|Any CPU
		{C111F5B2-3E3A-4947-AA3D-14BBA99C2AEA}.Release|x86.Deploy.0 = Release|Any CPU
	EndGlobalSection
	GlobalSection(SolutionProperties) = preSolution
		HideSolutionNode = FALSE
	EndGlobalSection
	GlobalSection(ExtensibilityGlobals) = postSolution
		SolutionGuid = {AD44AEE3-9ED5-4BDD-B6B0-3205BECA7072}
	EndGlobalSection
EndGlobal
